
Microsoft Visual Studio Solution File, Format Version 12.00
# Visual Studio Version 16
VisualStudioVersion = 16.0.29920.165
MinimumVisualStudioVersion = 10.0.40219.1
Project("{9A19103F-16F7-4668-BE54-9A1E7A4F7556}") = "HyperDuel", "HyperDuel.csproj", "{A8423986-4E2B-4A27-B18D-3FD7DD7DAA00}"
EndProject
Project("{2150E333-8FDC-42A3-9474-1A3956D46DE8}") = "Solution Items", "Solution Items", "{EB3807A0-B9A6-41D9-A89F-A33F9F574BC7}"
	ProjectSection(SolutionItems) = preProject
		.editorconfig = .editorconfig
	EndProjectSection
EndProject
Global
	GlobalSection(SolutionConfigurationPlatforms) = preSolution
		Debug|Any CPU = Debug|Any CPU
		Release|Any CPU = Release|Any CPU
	EndGlobalSection
	GlobalSection(ProjectConfigurationPlatforms) = postSolution
		{A8423986-4E2B-4A27-B18D-3FD7DD7DAA00}.Debug|Any CPU.ActiveCfg = Debug|Any CPU
		{A8423986-4E2B-4A27-B18D-3FD7DD7DAA00}.Debug|Any CPU.Build.0 = Debug|Any CPU
		{A8423986-4E2B-4A27-B18D-3FD7DD7DAA00}.Release|Any CPU.ActiveCfg = Release|Any CPU
		{A8423986-4E2B-4A27-B18D-3FD7DD7DAA00}.Release|Any CPU.Build.0 = Release|Any CPU
	EndGlobalSection
	GlobalSection(SolutionProperties) = preSolution
		HideSolutionNode = FALSE
	EndGlobalSection
	GlobalSection(ExtensibilityGlobals) = postSolution
		SolutionGuid = {CDD447FE-0601-439E-A2D6-499100160027}
	EndGlobalSection
EndGlobal
